
Microsoft Visual Studio Solution File, Format Version 12.00
# Visual Studio Version 16
VisualStudioVersion = 16.0.30104.148
MinimumVisualStudioVersion = 10.0.40219.1
Project("{9A19103F-16F7-4668-BE54-9A1E7A4F7556}") = "zkcs", "zkcs.csproj", "{405FABF4-52E4-4640-B571-D3C8C9399373}"
EndProject
Global
	GlobalSection(SolutionConfigurationPlatforms) = preSolution
		Debug|Any CPU = Debug|Any CPU
		Release|Any CPU = Release|Any CPU
	EndGlobalSection
	GlobalSection(ProjectConfigurationPlatforms) = postSolution
		{405FABF4-52E4-4640-B571-D3C8C9399373}.Debug|Any CPU.ActiveCfg = Debug|Any CPU
		{405FABF4-52E4-4640-B571-D3C8C9399373}.Debug|Any CPU.Build.0 = Debug|Any CPU
		{405FABF4-52E4-4640-B571-D3C8C9399373}.Release|Any CPU.ActiveCfg = Release|Any CPU
		{405FABF4-52E4-4640-B571-D3C8C9399373}.Release|Any CPU.Build.0 = Release|Any CPU
	EndGlobalSection
	GlobalSection(SolutionProperties) = preSolution
		HideSolutionNode = FALSE
	EndGlobalSection
	GlobalSection(ExtensibilityGlobals) = postSolution
		SolutionGuid = {B37E2190-E323-405D-B7A6-880E42E6F977}
	EndGlobalSection
EndGlobal
